// !$*UTF8*$!
{
	archiveVersion = 1;
	classes = {
	};
	objectVersion = 50;
	objects = {

/* Begin PBXBuildFile section */
		BD19D932234CAF7B0087BBB1 /* UITextField+Attribute.swift in Sources */ = {isa = PBXBuildFile; fileRef = BD19D931234CAF7B0087BBB1 /* UITextField+Attribute.swift */; };
		BD9CDC992347BF7600F42596 /* FontName.swift in Sources */ = {isa = PBXBuildFile; fileRef = BD9CDC982347BF7600F42596 /* FontName.swift */; };
		BD9CDC9B2347BFA300F42596 /* UIFont+CustomFont.swift in Sources */ = {isa = PBXBuildFile; fileRef = BD9CDC9A2347BFA300F42596 /* UIFont+CustomFont.swift */; };
		BD9CDCA02347C4E800F42596 /* SFUIText-Bold.ttf in Resources */ = {isa = PBXBuildFile; fileRef = BD9CDC9E2347C4E800F42596 /* SFUIText-Bold.ttf */; };
		BD9CDCA12347C4E800F42596 /* SFUIText-Regular.ttf in Resources */ = {isa = PBXBuildFile; fileRef = BD9CDC9F2347C4E800F42596 /* SFUIText-Regular.ttf */; };
		BD9CDCA32347C61000F42596 /* UILabel+Attribute.swift in Sources */ = {isa = PBXBuildFile; fileRef = BD9CDCA22347C61000F42596 /* UILabel+Attribute.swift */; };
		BD9CDCA52347C6E200F42596 /* UIColor+CustomColor.swift in Sources */ = {isa = PBXBuildFile; fileRef = BD9CDCA42347C6E200F42596 /* UIColor+CustomColor.swift */; };
		BD9CDCAA2347C99300F42596 /* Enviornment.swift in Sources */ = {isa = PBXBuildFile; fileRef = BD9CDCA72347C99300F42596 /* Enviornment.swift */; };
		BD9CDCAB2347C99300F42596 /* APILoader.swift in Sources */ = {isa = PBXBuildFile; fileRef = BD9CDCA82347C99300F42596 /* APILoader.swift */; };
		BD9CDCAC2347C99300F42596 /* APIHandler.swift in Sources */ = {isa = PBXBuildFile; fileRef = BD9CDCA92347C99300F42596 /* APIHandler.swift */; };
		BD9CDCB22347C9C400F42596 /* JSONParameterEncoder.swift in Sources */ = {isa = PBXBuildFile; fileRef = BD9CDCAE2347C9C400F42596 /* JSONParameterEncoder.swift */; };
		BD9CDCB32347C9C400F42596 /* ParameterEncoding.swift in Sources */ = {isa = PBXBuildFile; fileRef = BD9CDCAF2347C9C400F42596 /* ParameterEncoding.swift */; };
		BD9CDCB42347C9C400F42596 /* URLParameterEncoding.swift in Sources */ = {isa = PBXBuildFile; fileRef = BD9CDCB02347C9C400F42596 /* URLParameterEncoding.swift */; };
		BD9CDCB52347C9C400F42596 /* JSONModelEncoder.swift in Sources */ = {isa = PBXBuildFile; fileRef = BD9CDCB12347C9C400F42596 /* JSONModelEncoder.swift */; };
		BD9CDCB72347CBA400F42596 /* Utils.swift in Sources */ = {isa = PBXBuildFile; fileRef = BD9CDCB62347CBA400F42596 /* Utils.swift */; };
		BD9CDCB92348BF5D00F42596 /* SFUIText-Semibold.ttf in Resources */ = {isa = PBXBuildFile; fileRef = BD9CDCB82348BF5D00F42596 /* SFUIText-Semibold.ttf */; };
		BD9CDCBD2348E5BB00F42596 /* ContactHeaderCell.swift in Sources */ = {isa = PBXBuildFile; fileRef = BD9CDCBB2348E5BB00F42596 /* ContactHeaderCell.swift */; };
		BD9CDCBE2348E5BB00F42596 /* ContactHeaderCell.xib in Resources */ = {isa = PBXBuildFile; fileRef = BD9CDCBC2348E5BB00F42596 /* ContactHeaderCell.xib */; };
		BD9CDCC12349343200F42596 /* ContactDetailsCell.swift in Sources */ = {isa = PBXBuildFile; fileRef = BD9CDCBF2349343100F42596 /* ContactDetailsCell.swift */; };
		BD9CDCC22349343200F42596 /* ContactDetailsCell.xib in Resources */ = {isa = PBXBuildFile; fileRef = BD9CDCC02349343100F42596 /* ContactDetailsCell.xib */; };
		BD9CDCC42349366500F42596 /* ContactDetails.swift in Sources */ = {isa = PBXBuildFile; fileRef = BD9CDCC32349366500F42596 /* ContactDetails.swift */; };
		BD9CDCC6234938FE00F42596 /* CompleteDetails.swift in Sources */ = {isa = PBXBuildFile; fileRef = BD9CDCC5234938FE00F42596 /* CompleteDetails.swift */; };
		BD9CDCC8234BF7C400F42596 /* ContactAddEditVC.swift in Sources */ = {isa = PBXBuildFile; fileRef = BD9CDCC7234BF7C400F42596 /* ContactAddEditVC.swift */; };
		BD9CDCCB234C7C1B00F42596 /* ContactAddEditCell.swift in Sources */ = {isa = PBXBuildFile; fileRef = BD9CDCC9234C7C1B00F42596 /* ContactAddEditCell.swift */; };
		BD9CDCCC234C7C1B00F42596 /* ContactAddEditCell.xib in Resources */ = {isa = PBXBuildFile; fileRef = BD9CDCCA234C7C1B00F42596 /* ContactAddEditCell.xib */; };
		BD9CDCCF234C7E3800F42596 /* ContactAddEditHeader.xib in Resources */ = {isa = PBXBuildFile; fileRef = BD9CDCCD234C7E3800F42596 /* ContactAddEditHeader.xib */; };
		BD9CDCD0234C7E3800F42596 /* ContactAddEditHeader.swift in Sources */ = {isa = PBXBuildFile; fileRef = BD9CDCCE234C7E3800F42596 /* ContactAddEditHeader.swift */; };
		BD9CDCD2234C891500F42596 /* NewContact.swift in Sources */ = {isa = PBXBuildFile; fileRef = BD9CDCD1234C891500F42596 /* NewContact.swift */; };
		BD9CDCD4234C8BFE00F42596 /* ContactAddEditVM.swift in Sources */ = {isa = PBXBuildFile; fileRef = BD9CDCD3234C8BFE00F42596 /* ContactAddEditVM.swift */; };
		BD9CDCD6234C8DE300F42596 /* ContactAddTableProtocol.swift in Sources */ = {isa = PBXBuildFile; fileRef = BD9CDCD5234C8DE300F42596 /* ContactAddTableProtocol.swift */; };
		BDD254E7234E157600112ADE /* ContactEditTableProtocol.swift in Sources */ = {isa = PBXBuildFile; fileRef = BDD254E6234E157600112ADE /* ContactEditTableProtocol.swift */; };
		BDD254E9234E5FE900112ADE /* NetworkLogger.swift in Sources */ = {isa = PBXBuildFile; fileRef = BDD254E8234E5FE900112ADE /* NetworkLogger.swift */; };
		BDD254EB234E663C00112ADE /* UIImage+Base64.swift in Sources */ = {isa = PBXBuildFile; fileRef = BDD254EA234E663C00112ADE /* UIImage+Base64.swift */; };
		BDD254EF234E700300112ADE /* MimeType.swift in Sources */ = {isa = PBXBuildFile; fileRef = BDD254ED234E700300112ADE /* MimeType.swift */; };
		BDD254F0234E700300112ADE /* MultipartUpload.swift in Sources */ = {isa = PBXBuildFile; fileRef = BDD254EE234E700300112ADE /* MultipartUpload.swift */; };
		BDD254F2234E738100112ADE /* IQKeyboardManagerSwift.framework in Frameworks */ = {isa = PBXBuildFile; fileRef = BDD254F1234E738100112ADE /* IQKeyboardManagerSwift.framework */; };
		BDD254F3234E738C00112ADE /* IQKeyboardManagerSwift.framework in CopyFiles */ = {isa = PBXBuildFile; fileRef = BDD254F1234E738100112ADE /* IQKeyboardManagerSwift.framework */; settings = {ATTRIBUTES = (CodeSignOnCopy, RemoveHeadersOnCopy, ); }; };
		BDD2553E234F851300112ADE /* TestContactsVM.swift in Sources */ = {isa = PBXBuildFile; fileRef = BDD2553D234F851300112ADE /* TestContactsVM.swift */; };
		CE00A983231FA6FA00CB6E4D /* AppDelegate.swift in Sources */ = {isa = PBXBuildFile; fileRef = CE00A982231FA6FA00CB6E4D /* AppDelegate.swift */; };
		CE00A985231FA6FA00CB6E4D /* ContactListVC.swift in Sources */ = {isa = PBXBuildFile; fileRef = CE00A984231FA6FA00CB6E4D /* ContactListVC.swift */; };
		CE00A98A231FA6FB00CB6E4D /* Assets.xcassets in Resources */ = {isa = PBXBuildFile; fileRef = CE00A989231FA6FB00CB6E4D /* Assets.xcassets */; };
		CE00A98D231FA6FB00CB6E4D /* LaunchScreen.storyboard in Resources */ = {isa = PBXBuildFile; fileRef = CE00A98B231FA6FB00CB6E4D /* LaunchScreen.storyboard */; };
		CE00A998231FA6FC00CB6E4D /* ContactsAppTests.swift in Sources */ = {isa = PBXBuildFile; fileRef = CE00A997231FA6FC00CB6E4D /* ContactsAppTests.swift */; };
		CE00A9A3231FA6FC00CB6E4D /* ContactsAppUITests.swift in Sources */ = {isa = PBXBuildFile; fileRef = CE00A9A2231FA6FC00CB6E4D /* ContactsAppUITests.swift */; };
		CE00A9B4231FB02C00CB6E4D /* Contacts.swift in Sources */ = {isa = PBXBuildFile; fileRef = CE00A9B3231FB02C00CB6E4D /* Contacts.swift */; };
		CE00A9B6231FB78E00CB6E4D /* ContactsVM.swift in Sources */ = {isa = PBXBuildFile; fileRef = CE00A9B5231FB78E00CB6E4D /* ContactsVM.swift */; };
		CE00A9B9231FC29F00CB6E4D /* ContactTableViewCell.swift in Sources */ = {isa = PBXBuildFile; fileRef = CE00A9B8231FC29F00CB6E4D /* ContactTableViewCell.swift */; };
		CE00A9BB231FC42000CB6E4D /* ContactTableProtocol.swift in Sources */ = {isa = PBXBuildFile; fileRef = CE00A9BA231FC42000CB6E4D /* ContactTableProtocol.swift */; };
		CE154B4C232D7B1300290ADC /* SDWebImage.framework in Frameworks */ = {isa = PBXBuildFile; fileRef = CE154B4B232D7B1300290ADC /* SDWebImage.framework */; };
		CE154B4F232D7DAC00290ADC /* SDWebImage.framework in CopyFiles */ = {isa = PBXBuildFile; fileRef = CE154B4B232D7B1300290ADC /* SDWebImage.framework */; settings = {ATTRIBUTES = (CodeSignOnCopy, RemoveHeadersOnCopy, ); }; };
		CE154B51232D831E00290ADC /* SVProgressHUD.framework in Frameworks */ = {isa = PBXBuildFile; fileRef = CE154B50232D831E00290ADC /* SVProgressHUD.framework */; };
		CE154B52232D835A00290ADC /* SVProgressHUD.framework in CopyFiles */ = {isa = PBXBuildFile; fileRef = CE154B50232D831E00290ADC /* SVProgressHUD.framework */; settings = {ATTRIBUTES = (CodeSignOnCopy, RemoveHeadersOnCopy, ); }; };
		CE154B54232E32F000290ADC /* Main.storyboard in Resources */ = {isa = PBXBuildFile; fileRef = CE154B53232E32F000290ADC /* Main.storyboard */; };
		CE154B57232E61E600290ADC /* ContactDetailTableProtocol.swift in Sources */ = {isa = PBXBuildFile; fileRef = CE154B56232E61E500290ADC /* ContactDetailTableProtocol.swift */; };
		CE154B59232E632400290ADC /* ContactTableViewCell.xib in Resources */ = {isa = PBXBuildFile; fileRef = CE154B58232E632400290ADC /* ContactTableViewCell.xib */; };
		CE154B5B232E879E00290ADC /* EndPoints.swift in Sources */ = {isa = PBXBuildFile; fileRef = CE154B5A232E879E00290ADC /* EndPoints.swift */; };
		CE154B5D232EA98200290ADC /* ContactDetailVC.swift in Sources */ = {isa = PBXBuildFile; fileRef = CE154B5C232EA98200290ADC /* ContactDetailVC.swift */; };
		CE154B5F232EAA9300290ADC /* ContactDetailVM.swift in Sources */ = {isa = PBXBuildFile; fileRef = CE154B5E232EAA9300290ADC /* ContactDetailVM.swift */; };
/* End PBXBuildFile section */

/* Begin PBXContainerItemProxy section */
		CE00A994231FA6FC00CB6E4D /* PBXContainerItemProxy */ = {
			isa = PBXContainerItemProxy;
			containerPortal = CE00A977231FA6FA00CB6E4D /* Project object */;
			proxyType = 1;
			remoteGlobalIDString = CE00A97E231FA6FA00CB6E4D;
			remoteInfo = Telstra;
		};
		CE00A99F231FA6FC00CB6E4D /* PBXContainerItemProxy */ = {
			isa = PBXContainerItemProxy;
			containerPortal = CE00A977231FA6FA00CB6E4D /* Project object */;
			proxyType = 1;
			remoteGlobalIDString = CE00A97E231FA6FA00CB6E4D;
			remoteInfo = Telstra;
		};
/* End PBXContainerItemProxy section */

/* Begin PBXCopyFilesBuildPhase section */
		CE154B4E232D7D8000290ADC /* CopyFiles */ = {
			isa = PBXCopyFilesBuildPhase;
			buildActionMask = 12;
			dstPath = "";
			dstSubfolderSpec = 10;
			files = (
				BDD254F3234E738C00112ADE /* IQKeyboardManagerSwift.framework in CopyFiles */,
				CE154B52232D835A00290ADC /* SVProgressHUD.framework in CopyFiles */,
				CE154B4F232D7DAC00290ADC /* SDWebImage.framework in CopyFiles */,
			);
			runOnlyForDeploymentPostprocessing = 0;
		};
/* End PBXCopyFilesBuildPhase section */

/* Begin PBXFileReference section */
		BD19D931234CAF7B0087BBB1 /* UITextField+Attribute.swift */ = {isa = PBXFileReference; lastKnownFileType = sourcecode.swift; path = "UITextField+Attribute.swift"; sourceTree = "<group>"; };
		BD9CDC982347BF7600F42596 /* FontName.swift */ = {isa = PBXFileReference; lastKnownFileType = sourcecode.swift; path = FontName.swift; sourceTree = "<group>"; };
		BD9CDC9A2347BFA300F42596 /* UIFont+CustomFont.swift */ = {isa = PBXFileReference; lastKnownFileType = sourcecode.swift; path = "UIFont+CustomFont.swift"; sourceTree = "<group>"; };
		BD9CDC9E2347C4E800F42596 /* SFUIText-Bold.ttf */ = {isa = PBXFileReference; lastKnownFileType = file; path = "SFUIText-Bold.ttf"; sourceTree = "<group>"; };
		BD9CDC9F2347C4E800F42596 /* SFUIText-Regular.ttf */ = {isa = PBXFileReference; lastKnownFileType = file; path = "SFUIText-Regular.ttf"; sourceTree = "<group>"; };
		BD9CDCA22347C61000F42596 /* UILabel+Attribute.swift */ = {isa = PBXFileReference; lastKnownFileType = sourcecode.swift; path = "UILabel+Attribute.swift"; sourceTree = "<group>"; };
		BD9CDCA42347C6E200F42596 /* UIColor+CustomColor.swift */ = {isa = PBXFileReference; lastKnownFileType = sourcecode.swift; path = "UIColor+CustomColor.swift"; sourceTree = "<group>"; };
		BD9CDCA72347C99300F42596 /* Enviornment.swift */ = {isa = PBXFileReference; fileEncoding = 4; lastKnownFileType = sourcecode.swift; path = Enviornment.swift; sourceTree = "<group>"; };
		BD9CDCA82347C99300F42596 /* APILoader.swift */ = {isa = PBXFileReference; fileEncoding = 4; lastKnownFileType = sourcecode.swift; path = APILoader.swift; sourceTree = "<group>"; };
		BD9CDCA92347C99300F42596 /* APIHandler.swift */ = {isa = PBXFileReference; fileEncoding = 4; lastKnownFileType = sourcecode.swift; path = APIHandler.swift; sourceTree = "<group>"; };
		BD9CDCAE2347C9C400F42596 /* JSONParameterEncoder.swift */ = {isa = PBXFileReference; fileEncoding = 4; lastKnownFileType = sourcecode.swift; path = JSONParameterEncoder.swift; sourceTree = "<group>"; };
		BD9CDCAF2347C9C400F42596 /* ParameterEncoding.swift */ = {isa = PBXFileReference; fileEncoding = 4; lastKnownFileType = sourcecode.swift; path = ParameterEncoding.swift; sourceTree = "<group>"; };
		BD9CDCB02347C9C400F42596 /* URLParameterEncoding.swift */ = {isa = PBXFileReference; fileEncoding = 4; lastKnownFileType = sourcecode.swift; path = URLParameterEncoding.swift; sourceTree = "<group>"; };
		BD9CDCB12347C9C400F42596 /* JSONModelEncoder.swift */ = {isa = PBXFileReference; fileEncoding = 4; lastKnownFileType = sourcecode.swift; path = JSONModelEncoder.swift; sourceTree = "<group>"; };
		BD9CDCB62347CBA400F42596 /* Utils.swift */ = {isa = PBXFileReference; lastKnownFileType = sourcecode.swift; path = Utils.swift; sourceTree = "<group>"; };
		BD9CDCB82348BF5D00F42596 /* SFUIText-Semibold.ttf */ = {isa = PBXFileReference; lastKnownFileType = file; path = "SFUIText-Semibold.ttf"; sourceTree = "<group>"; };
		BD9CDCBB2348E5BB00F42596 /* ContactHeaderCell.swift */ = {isa = PBXFileReference; fileEncoding = 4; lastKnownFileType = sourcecode.swift; path = ContactHeaderCell.swift; sourceTree = "<group>"; };
		BD9CDCBC2348E5BB00F42596 /* ContactHeaderCell.xib */ = {isa = PBXFileReference; fileEncoding = 4; lastKnownFileType = file.xib; path = ContactHeaderCell.xib; sourceTree = "<group>"; };
		BD9CDCBF2349343100F42596 /* ContactDetailsCell.swift */ = {isa = PBXFileReference; fileEncoding = 4; lastKnownFileType = sourcecode.swift; path = ContactDetailsCell.swift; sourceTree = "<group>"; };
		BD9CDCC02349343100F42596 /* ContactDetailsCell.xib */ = {isa = PBXFileReference; fileEncoding = 4; lastKnownFileType = file.xib; path = ContactDetailsCell.xib; sourceTree = "<group>"; };
		BD9CDCC32349366500F42596 /* ContactDetails.swift */ = {isa = PBXFileReference; fileEncoding = 4; lastKnownFileType = sourcecode.swift; path = ContactDetails.swift; sourceTree = "<group>"; };
		BD9CDCC5234938FE00F42596 /* CompleteDetails.swift */ = {isa = PBXFileReference; fileEncoding = 4; lastKnownFileType = sourcecode.swift; path = CompleteDetails.swift; sourceTree = "<group>"; };
		BD9CDCC7234BF7C400F42596 /* ContactAddEditVC.swift */ = {isa = PBXFileReference; lastKnownFileType = sourcecode.swift; path = ContactAddEditVC.swift; sourceTree = "<group>"; };
		BD9CDCC9234C7C1B00F42596 /* ContactAddEditCell.swift */ = {isa = PBXFileReference; fileEncoding = 4; lastKnownFileType = sourcecode.swift; path = ContactAddEditCell.swift; sourceTree = "<group>"; };
		BD9CDCCA234C7C1B00F42596 /* ContactAddEditCell.xib */ = {isa = PBXFileReference; fileEncoding = 4; lastKnownFileType = file.xib; path = ContactAddEditCell.xib; sourceTree = "<group>"; };
		BD9CDCCD234C7E3800F42596 /* ContactAddEditHeader.xib */ = {isa = PBXFileReference; fileEncoding = 4; lastKnownFileType = file.xib; path = ContactAddEditHeader.xib; sourceTree = "<group>"; };
		BD9CDCCE234C7E3800F42596 /* ContactAddEditHeader.swift */ = {isa = PBXFileReference; fileEncoding = 4; lastKnownFileType = sourcecode.swift; path = ContactAddEditHeader.swift; sourceTree = "<group>"; };
		BD9CDCD1234C891500F42596 /* NewContact.swift */ = {isa = PBXFileReference; lastKnownFileType = sourcecode.swift; path = NewContact.swift; sourceTree = "<group>"; };
		BD9CDCD3234C8BFE00F42596 /* ContactAddEditVM.swift */ = {isa = PBXFileReference; lastKnownFileType = sourcecode.swift; path = ContactAddEditVM.swift; sourceTree = "<group>"; };
		BD9CDCD5234C8DE300F42596 /* ContactAddTableProtocol.swift */ = {isa = PBXFileReference; lastKnownFileType = sourcecode.swift; path = ContactAddTableProtocol.swift; sourceTree = "<group>"; };
		BDD254E6234E157600112ADE /* ContactEditTableProtocol.swift */ = {isa = PBXFileReference; fileEncoding = 4; lastKnownFileType = sourcecode.swift; path = ContactEditTableProtocol.swift; sourceTree = "<group>"; };
		BDD254E8234E5FE900112ADE /* NetworkLogger.swift */ = {isa = PBXFileReference; lastKnownFileType = sourcecode.swift; path = NetworkLogger.swift; sourceTree = "<group>"; };
		BDD254EA234E663C00112ADE /* UIImage+Base64.swift */ = {isa = PBXFileReference; lastKnownFileType = sourcecode.swift; path = "UIImage+Base64.swift"; sourceTree = "<group>"; };
		BDD254ED234E700300112ADE /* MimeType.swift */ = {isa = PBXFileReference; fileEncoding = 4; lastKnownFileType = sourcecode.swift; path = MimeType.swift; sourceTree = "<group>"; };
		BDD254EE234E700300112ADE /* MultipartUpload.swift */ = {isa = PBXFileReference; fileEncoding = 4; lastKnownFileType = sourcecode.swift; path = MultipartUpload.swift; sourceTree = "<group>"; };
		BDD254F1234E738100112ADE /* IQKeyboardManagerSwift.framework */ = {isa = PBXFileReference; lastKnownFileType = wrapper.framework; name = IQKeyboardManagerSwift.framework; path = Carthage/Build/iOS/IQKeyboardManagerSwift.framework; sourceTree = "<group>"; };
		BDD2553D234F851300112ADE /* TestContactsVM.swift */ = {isa = PBXFileReference; lastKnownFileType = sourcecode.swift; path = TestContactsVM.swift; sourceTree = "<group>"; };
		CE00A97F231FA6FA00CB6E4D /* ContactsApp.app */ = {isa = PBXFileReference; explicitFileType = wrapper.application; includeInIndex = 0; path = ContactsApp.app; sourceTree = BUILT_PRODUCTS_DIR; };
		CE00A982231FA6FA00CB6E4D /* AppDelegate.swift */ = {isa = PBXFileReference; lastKnownFileType = sourcecode.swift; path = AppDelegate.swift; sourceTree = "<group>"; };
		CE00A984231FA6FA00CB6E4D /* ContactListVC.swift */ = {isa = PBXFileReference; lastKnownFileType = sourcecode.swift; path = ContactListVC.swift; sourceTree = "<group>"; };
		CE00A989231FA6FB00CB6E4D /* Assets.xcassets */ = {isa = PBXFileReference; lastKnownFileType = folder.assetcatalog; path = Assets.xcassets; sourceTree = "<group>"; };
		CE00A98C231FA6FB00CB6E4D /* Base */ = {isa = PBXFileReference; lastKnownFileType = file.storyboard; name = Base; path = Base.lproj/LaunchScreen.storyboard; sourceTree = "<group>"; };
		CE00A98E231FA6FB00CB6E4D /* Info.plist */ = {isa = PBXFileReference; lastKnownFileType = text.plist.xml; path = Info.plist; sourceTree = "<group>"; };
		CE00A993231FA6FC00CB6E4D /* ContactsAppTests.xctest */ = {isa = PBXFileReference; explicitFileType = wrapper.cfbundle; includeInIndex = 0; path = ContactsAppTests.xctest; sourceTree = BUILT_PRODUCTS_DIR; };
		CE00A997231FA6FC00CB6E4D /* ContactsAppTests.swift */ = {isa = PBXFileReference; lastKnownFileType = sourcecode.swift; path = ContactsAppTests.swift; sourceTree = "<group>"; };
		CE00A999231FA6FC00CB6E4D /* Info.plist */ = {isa = PBXFileReference; lastKnownFileType = text.plist.xml; path = Info.plist; sourceTree = "<group>"; };
		CE00A99E231FA6FC00CB6E4D /* ContactsAppUITests.xctest */ = {isa = PBXFileReference; explicitFileType = wrapper.cfbundle; includeInIndex = 0; path = ContactsAppUITests.xctest; sourceTree = BUILT_PRODUCTS_DIR; };
		CE00A9A2231FA6FC00CB6E4D /* ContactsAppUITests.swift */ = {isa = PBXFileReference; lastKnownFileType = sourcecode.swift; path = ContactsAppUITests.swift; sourceTree = "<group>"; };
		CE00A9A4231FA6FC00CB6E4D /* Info.plist */ = {isa = PBXFileReference; lastKnownFileType = text.plist.xml; path = Info.plist; sourceTree = "<group>"; };
		CE00A9B3231FB02C00CB6E4D /* Contacts.swift */ = {isa = PBXFileReference; lastKnownFileType = sourcecode.swift; path = Contacts.swift; sourceTree = "<group>"; };
		CE00A9B5231FB78E00CB6E4D /* ContactsVM.swift */ = {isa = PBXFileReference; lastKnownFileType = sourcecode.swift; path = ContactsVM.swift; sourceTree = "<group>"; };
		CE00A9B8231FC29F00CB6E4D /* ContactTableViewCell.swift */ = {isa = PBXFileReference; lastKnownFileType = sourcecode.swift; path = ContactTableViewCell.swift; sourceTree = "<group>"; };
		CE00A9BA231FC42000CB6E4D /* ContactTableProtocol.swift */ = {isa = PBXFileReference; lastKnownFileType = sourcecode.swift; path = ContactTableProtocol.swift; sourceTree = "<group>"; };
		CE154B4B232D7B1300290ADC /* SDWebImage.framework */ = {isa = PBXFileReference; lastKnownFileType = wrapper.framework; name = SDWebImage.framework; path = Carthage/Build/iOS/SDWebImage.framework; sourceTree = "<group>"; };
		CE154B50232D831E00290ADC /* SVProgressHUD.framework */ = {isa = PBXFileReference; lastKnownFileType = wrapper.framework; name = SVProgressHUD.framework; path = Carthage/Build/iOS/SVProgressHUD.framework; sourceTree = "<group>"; };
		CE154B53232E32F000290ADC /* Main.storyboard */ = {isa = PBXFileReference; lastKnownFileType = file.storyboard; path = Main.storyboard; sourceTree = "<group>"; };
		CE154B56232E61E500290ADC /* ContactDetailTableProtocol.swift */ = {isa = PBXFileReference; fileEncoding = 4; lastKnownFileType = sourcecode.swift; path = ContactDetailTableProtocol.swift; sourceTree = "<group>"; };
		CE154B58232E632400290ADC /* ContactTableViewCell.xib */ = {isa = PBXFileReference; lastKnownFileType = file.xib; path = ContactTableViewCell.xib; sourceTree = "<group>"; };
		CE154B5A232E879E00290ADC /* EndPoints.swift */ = {isa = PBXFileReference; lastKnownFileType = sourcecode.swift; path = EndPoints.swift; sourceTree = "<group>"; };
		CE154B5C232EA98200290ADC /* ContactDetailVC.swift */ = {isa = PBXFileReference; fileEncoding = 4; lastKnownFileType = sourcecode.swift; path = ContactDetailVC.swift; sourceTree = "<group>"; };
		CE154B5E232EAA9300290ADC /* ContactDetailVM.swift */ = {isa = PBXFileReference; fileEncoding = 4; lastKnownFileType = sourcecode.swift; path = ContactDetailVM.swift; sourceTree = "<group>"; };
/* End PBXFileReference section */

/* Begin PBXFrameworksBuildPhase section */
		CE00A97C231FA6FA00CB6E4D /* Frameworks */ = {
			isa = PBXFrameworksBuildPhase;
			buildActionMask = 2147483647;
			files = (
				BDD254F2234E738100112ADE /* IQKeyboardManagerSwift.framework in Frameworks */,
				CE154B51232D831E00290ADC /* SVProgressHUD.framework in Frameworks */,
				CE154B4C232D7B1300290ADC /* SDWebImage.framework in Frameworks */,
			);
			runOnlyForDeploymentPostprocessing = 0;
		};
		CE00A990231FA6FC00CB6E4D /* Frameworks */ = {
			isa = PBXFrameworksBuildPhase;
			buildActionMask = 2147483647;
			files = (
			);
			runOnlyForDeploymentPostprocessing = 0;
		};
		CE00A99B231FA6FC00CB6E4D /* Frameworks */ = {
			isa = PBXFrameworksBuildPhase;
			buildActionMask = 2147483647;
			files = (
			);
			runOnlyForDeploymentPostprocessing = 0;
		};
/* End PBXFrameworksBuildPhase section */

/* Begin PBXGroup section */
		32990F3E89CE0F83142FFA11 /* Frameworks */ = {
			isa = PBXGroup;
			children = (
				BDD254F1234E738100112ADE /* IQKeyboardManagerSwift.framework */,
				CE154B50232D831E00290ADC /* SVProgressHUD.framework */,
				CE154B4B232D7B1300290ADC /* SDWebImage.framework */,
			);
			name = Frameworks;
			sourceTree = "<group>";
		};
		BD9CDC9C2347BFEF00F42596 /* Utilities */ = {
			isa = PBXGroup;
			children = (
				BD9CDC982347BF7600F42596 /* FontName.swift */,
				BDD254EA234E663C00112ADE /* UIImage+Base64.swift */,
				BD9CDC9A2347BFA300F42596 /* UIFont+CustomFont.swift */,
				BD9CDCA22347C61000F42596 /* UILabel+Attribute.swift */,
				BD19D931234CAF7B0087BBB1 /* UITextField+Attribute.swift */,
				BD9CDCA42347C6E200F42596 /* UIColor+CustomColor.swift */,
				BD9CDCB62347CBA400F42596 /* Utils.swift */,
			);
			path = Utilities;
			sourceTree = "<group>";
		};
		BD9CDC9D2347C49D00F42596 /* Resources */ = {
			isa = PBXGroup;
			children = (
				BD9CDCB82348BF5D00F42596 /* SFUIText-Semibold.ttf */,
				BD9CDC9E2347C4E800F42596 /* SFUIText-Bold.ttf */,
				BD9CDC9F2347C4E800F42596 /* SFUIText-Regular.ttf */,
			);
			path = Resources;
			sourceTree = "<group>";
		};
		BD9CDCA62347C96C00F42596 /* NetworkLayer */ = {
			isa = PBXGroup;
			children = (
				BDD254EC234E6FC900112ADE /* MultipartUpload */,
				BD9CDCAD2347C9A000F42596 /* NetworkEncoder */,
				CE154B5A232E879E00290ADC /* EndPoints.swift */,
				BD9CDCA92347C99300F42596 /* APIHandler.swift */,
				BD9CDCA82347C99300F42596 /* APILoader.swift */,
				BD9CDCA72347C99300F42596 /* Enviornment.swift */,
				BDD254E8234E5FE900112ADE /* NetworkLogger.swift */,
			);
			path = NetworkLayer;
			sourceTree = "<group>";
		};
		BD9CDCAD2347C9A000F42596 /* NetworkEncoder */ = {
			isa = PBXGroup;
			children = (
				BD9CDCB12347C9C400F42596 /* JSONModelEncoder.swift */,
				BD9CDCAE2347C9C400F42596 /* JSONParameterEncoder.swift */,
				BD9CDCAF2347C9C400F42596 /* ParameterEncoding.swift */,
				BD9CDCB02347C9C400F42596 /* URLParameterEncoding.swift */,
			);
			path = NetworkEncoder;
			sourceTree = "<group>";
		};
		BD9CDCBA2348D13D00F42596 /* View */ = {
			isa = PBXGroup;
			children = (
				CE154B53232E32F000290ADC /* Main.storyboard */,
				CE00A9B0231FAFED00CB6E4D /* Controller */,
				CE00A9B7231FC26600CB6E4D /* TableViewCell */,
			);
			path = View;
			sourceTree = "<group>";
		};
		BDD254EC234E6FC900112ADE /* MultipartUpload */ = {
			isa = PBXGroup;
			children = (
				BDD254ED234E700300112ADE /* MimeType.swift */,
				BDD254EE234E700300112ADE /* MultipartUpload.swift */,
			);
			path = MultipartUpload;
			sourceTree = "<group>";
		};
		BDD2553C234F839100112ADE /* TestViewModel */ = {
			isa = PBXGroup;
			children = (
				BDD2553D234F851300112ADE /* TestContactsVM.swift */,
			);
			path = TestViewModel;
			sourceTree = "<group>";
		};
		CE00A976231FA6FA00CB6E4D = {
			isa = PBXGroup;
			children = (
				CE00A981231FA6FA00CB6E4D /* ContactsApp */,
				CE00A996231FA6FC00CB6E4D /* ContactsAppTests */,
				CE00A9A1231FA6FC00CB6E4D /* ContactsAppUITests */,
				CE00A980231FA6FA00CB6E4D /* Products */,
				32990F3E89CE0F83142FFA11 /* Frameworks */,
			);
			sourceTree = "<group>";
		};
		CE00A980231FA6FA00CB6E4D /* Products */ = {
			isa = PBXGroup;
			children = (
				CE00A97F231FA6FA00CB6E4D /* ContactsApp.app */,
				CE00A993231FA6FC00CB6E4D /* ContactsAppTests.xctest */,
				CE00A99E231FA6FC00CB6E4D /* ContactsAppUITests.xctest */,
			);
			name = Products;
			sourceTree = "<group>";
		};
		CE00A981231FA6FA00CB6E4D /* ContactsApp */ = {
			isa = PBXGroup;
			children = (
				CE00A982231FA6FA00CB6E4D /* AppDelegate.swift */,
				BD9CDCA62347C96C00F42596 /* NetworkLayer */,
				CE00A9B2231FB00A00CB6E4D /* Model */,
				BD9CDCBA2348D13D00F42596 /* View */,
				CE00A9B1231FAFFD00CB6E4D /* ViewModel */,
				CE154B55232E331300290ADC /* TableProtocols */,
				BD9CDC9C2347BFEF00F42596 /* Utilities */,
				CE00A989231FA6FB00CB6E4D /* Assets.xcassets */,
				BD9CDC9D2347C49D00F42596 /* Resources */,
				CE00A98E231FA6FB00CB6E4D /* Info.plist */,
				CE00A98B231FA6FB00CB6E4D /* LaunchScreen.storyboard */,
			);
			path = ContactsApp;
			sourceTree = "<group>";
		};
		CE00A996231FA6FC00CB6E4D /* ContactsAppTests */ = {
			isa = PBXGroup;
			children = (
				BDD2553C234F839100112ADE /* TestViewModel */,
				CE00A997231FA6FC00CB6E4D /* ContactsAppTests.swift */,
				CE00A999231FA6FC00CB6E4D /* Info.plist */,
			);
			path = ContactsAppTests;
			sourceTree = "<group>";
		};
		CE00A9A1231FA6FC00CB6E4D /* ContactsAppUITests */ = {
			isa = PBXGroup;
			children = (
				CE00A9A2231FA6FC00CB6E4D /* ContactsAppUITests.swift */,
				CE00A9A4231FA6FC00CB6E4D /* Info.plist */,
			);
			path = ContactsAppUITests;
			sourceTree = "<group>";
		};
		CE00A9B0231FAFED00CB6E4D /* Controller */ = {
			isa = PBXGroup;
			children = (
				CE00A984231FA6FA00CB6E4D /* ContactListVC.swift */,
				CE154B5C232EA98200290ADC /* ContactDetailVC.swift */,
				BD9CDCC7234BF7C400F42596 /* ContactAddEditVC.swift */,
			);
			path = Controller;
			sourceTree = "<group>";
		};
		CE00A9B1231FAFFD00CB6E4D /* ViewModel */ = {
			isa = PBXGroup;
			children = (
				CE00A9B5231FB78E00CB6E4D /* ContactsVM.swift */,
				CE154B5E232EAA9300290ADC /* ContactDetailVM.swift */,
				BD9CDCD3234C8BFE00F42596 /* ContactAddEditVM.swift */,
			);
			path = ViewModel;
			sourceTree = "<group>";
		};
		CE00A9B2231FB00A00CB6E4D /* Model */ = {
			isa = PBXGroup;
			children = (
				CE00A9B3231FB02C00CB6E4D /* Contacts.swift */,
				BD9CDCC32349366500F42596 /* ContactDetails.swift */,
				BD9CDCC5234938FE00F42596 /* CompleteDetails.swift */,
				BD9CDCD1234C891500F42596 /* NewContact.swift */,
			);
			path = Model;
			sourceTree = "<group>";
		};
		CE00A9B7231FC26600CB6E4D /* TableViewCell */ = {
			isa = PBXGroup;
			children = (
				CE00A9B8231FC29F00CB6E4D /* ContactTableViewCell.swift */,
				CE154B58232E632400290ADC /* ContactTableViewCell.xib */,
				BD9CDCBB2348E5BB00F42596 /* ContactHeaderCell.swift */,
				BD9CDCBC2348E5BB00F42596 /* ContactHeaderCell.xib */,
				BD9CDCBF2349343100F42596 /* ContactDetailsCell.swift */,
				BD9CDCC02349343100F42596 /* ContactDetailsCell.xib */,
				BD9CDCCE234C7E3800F42596 /* ContactAddEditHeader.swift */,
				BD9CDCCD234C7E3800F42596 /* ContactAddEditHeader.xib */,
				BD9CDCC9234C7C1B00F42596 /* ContactAddEditCell.swift */,
				BD9CDCCA234C7C1B00F42596 /* ContactAddEditCell.xib */,
			);
			path = TableViewCell;
			sourceTree = "<group>";
		};
		CE154B55232E331300290ADC /* TableProtocols */ = {
			isa = PBXGroup;
			children = (
				CE00A9BA231FC42000CB6E4D /* ContactTableProtocol.swift */,
				CE154B56232E61E500290ADC /* ContactDetailTableProtocol.swift */,
				BD9CDCD5234C8DE300F42596 /* ContactAddTableProtocol.swift */,
				BDD254E6234E157600112ADE /* ContactEditTableProtocol.swift */,
			);
			path = TableProtocols;
			sourceTree = "<group>";
		};
/* End PBXGroup section */

/* Begin PBXNativeTarget section */
		CE00A97E231FA6FA00CB6E4D /* ContactsApp */ = {
			isa = PBXNativeTarget;
			buildConfigurationList = CE00A9A7231FA6FC00CB6E4D /* Build configuration list for PBXNativeTarget "ContactsApp" */;
			buildPhases = (
				CE00A97B231FA6FA00CB6E4D /* Sources */,
				CE00A97C231FA6FA00CB6E4D /* Frameworks */,
				CE00A97D231FA6FA00CB6E4D /* Resources */,
				CE154B4E232D7D8000290ADC /* CopyFiles */,
				CE154B69232F982D00290ADC /* ShellScript */,
			);
			buildRules = (
			);
			dependencies = (
			);
			name = ContactsApp;
			productName = Telstra;
			productReference = CE00A97F231FA6FA00CB6E4D /* ContactsApp.app */;
			productType = "com.apple.product-type.application";
		};
		CE00A992231FA6FC00CB6E4D /* ContactsAppTests */ = {
			isa = PBXNativeTarget;
			buildConfigurationList = CE00A9AA231FA6FC00CB6E4D /* Build configuration list for PBXNativeTarget "ContactsAppTests" */;
			buildPhases = (
				CE00A98F231FA6FC00CB6E4D /* Sources */,
				CE00A990231FA6FC00CB6E4D /* Frameworks */,
				CE00A991231FA6FC00CB6E4D /* Resources */,
			);
			buildRules = (
			);
			dependencies = (
				CE00A995231FA6FC00CB6E4D /* PBXTargetDependency */,
			);
			name = ContactsAppTests;
			productName = TelstraTests;
			productReference = CE00A993231FA6FC00CB6E4D /* ContactsAppTests.xctest */;
			productType = "com.apple.product-type.bundle.unit-test";
		};
		CE00A99D231FA6FC00CB6E4D /* ContactsAppUITests */ = {
			isa = PBXNativeTarget;
			buildConfigurationList = CE00A9AD231FA6FC00CB6E4D /* Build configuration list for PBXNativeTarget "ContactsAppUITests" */;
			buildPhases = (
				CE00A99A231FA6FC00CB6E4D /* Sources */,
				CE00A99B231FA6FC00CB6E4D /* Frameworks */,
				CE00A99C231FA6FC00CB6E4D /* Resources */,
			);
			buildRules = (
			);
			dependencies = (
				CE00A9A0231FA6FC00CB6E4D /* PBXTargetDependency */,
			);
			name = ContactsAppUITests;
			productName = TelstraUITests;
			productReference = CE00A99E231FA6FC00CB6E4D /* ContactsAppUITests.xctest */;
			productType = "com.apple.product-type.bundle.ui-testing";
		};
/* End PBXNativeTarget section */

/* Begin PBXProject section */
		CE00A977231FA6FA00CB6E4D /* Project object */ = {
			isa = PBXProject;
			attributes = {
				LastSwiftUpdateCheck = 1010;
				LastUpgradeCheck = 1010;
				ORGANIZATIONNAME = "ketan shinde";
				TargetAttributes = {
					CE00A97E231FA6FA00CB6E4D = {
						CreatedOnToolsVersion = 10.1;
					};
					CE00A992231FA6FC00CB6E4D = {
						CreatedOnToolsVersion = 10.1;
						TestTargetID = CE00A97E231FA6FA00CB6E4D;
					};
					CE00A99D231FA6FC00CB6E4D = {
						CreatedOnToolsVersion = 10.1;
						TestTargetID = CE00A97E231FA6FA00CB6E4D;
					};
				};
			};
			buildConfigurationList = CE00A97A231FA6FA00CB6E4D /* Build configuration list for PBXProject "ContactsApp" */;
			compatibilityVersion = "Xcode 9.3";
			developmentRegion = en;
			hasScannedForEncodings = 0;
			knownRegions = (
				en,
				Base,
			);
			mainGroup = CE00A976231FA6FA00CB6E4D;
			productRefGroup = CE00A980231FA6FA00CB6E4D /* Products */;
			projectDirPath = "";
			projectRoot = "";
			targets = (
				CE00A97E231FA6FA00CB6E4D /* ContactsApp */,
				CE00A992231FA6FC00CB6E4D /* ContactsAppTests */,
				CE00A99D231FA6FC00CB6E4D /* ContactsAppUITests */,
			);
		};
/* End PBXProject section */

/* Begin PBXResourcesBuildPhase section */
		CE00A97D231FA6FA00CB6E4D /* Resources */ = {
			isa = PBXResourcesBuildPhase;
			buildActionMask = 2147483647;
			files = (
				CE154B54232E32F000290ADC /* Main.storyboard in Resources */,
				CE00A98D231FA6FB00CB6E4D /* LaunchScreen.storyboard in Resources */,
				BD9CDCCC234C7C1B00F42596 /* ContactAddEditCell.xib in Resources */,
				CE154B59232E632400290ADC /* ContactTableViewCell.xib in Resources */,
				BD9CDCCF234C7E3800F42596 /* ContactAddEditHeader.xib in Resources */,
				BD9CDCBE2348E5BB00F42596 /* ContactHeaderCell.xib in Resources */,
				BD9CDCC22349343200F42596 /* ContactDetailsCell.xib in Resources */,
				BD9CDCA12347C4E800F42596 /* SFUIText-Regular.ttf in Resources */,
				BD9CDCA02347C4E800F42596 /* SFUIText-Bold.ttf in Resources */,
				BD9CDCB92348BF5D00F42596 /* SFUIText-Semibold.ttf in Resources */,
				CE00A98A231FA6FB00CB6E4D /* Assets.xcassets in Resources */,
			);
			runOnlyForDeploymentPostprocessing = 0;
		};
		CE00A991231FA6FC00CB6E4D /* Resources */ = {
			isa = PBXResourcesBuildPhase;
			buildActionMask = 2147483647;
			files = (
			);
			runOnlyForDeploymentPostprocessing = 0;
		};
		CE00A99C231FA6FC00CB6E4D /* Resources */ = {
			isa = PBXResourcesBuildPhase;
			buildActionMask = 2147483647;
			files = (
			);
			runOnlyForDeploymentPostprocessing = 0;
		};
/* End PBXResourcesBuildPhase section */

/* Begin PBXShellScriptBuildPhase section */
		CE154B69232F982D00290ADC /* ShellScript */ = {
			isa = PBXShellScriptBuildPhase;
			buildActionMask = 12;
			files = (
			);
			inputFileListPaths = (
			);
			inputPaths = (
				"$(SRCROOT)/Carthage/Build/iOS/SDWebImage.framework",
				"$(SRCROOT)/Carthage/Build/iOS/SVProgressHUD.framework",
				"$(SRCROOT)/Carthage/Build/iOS/IQKeyboardManagerSwift.framework",
			);
			outputFileListPaths = (
			);
			outputPaths = (
			);
			runOnlyForDeploymentPostprocessing = 0;
			shellPath = /bin/sh;
			shellScript = "/usr/local/bin/carthage copy-frameworks\n";
		};
/* End PBXShellScriptBuildPhase section */

/* Begin PBXSourcesBuildPhase section */
		CE00A97B231FA6FA00CB6E4D /* Sources */ = {
			isa = PBXSourcesBuildPhase;
			buildActionMask = 2147483647;
			files = (
				BDD254E9234E5FE900112ADE /* NetworkLogger.swift in Sources */,
				CE154B5D232EA98200290ADC /* ContactDetailVC.swift in Sources */,
				BD9CDCA52347C6E200F42596 /* UIColor+CustomColor.swift in Sources */,
				BD9CDCCB234C7C1B00F42596 /* ContactAddEditCell.swift in Sources */,
				BD9CDCB72347CBA400F42596 /* Utils.swift in Sources */,
				BD9CDCAB2347C99300F42596 /* APILoader.swift in Sources */,
				BD9CDCC42349366500F42596 /* ContactDetails.swift in Sources */,
				BD9CDC9B2347BFA300F42596 /* UIFont+CustomFont.swift in Sources */,
				BDD254EB234E663C00112ADE /* UIImage+Base64.swift in Sources */,
				BD9CDCC6234938FE00F42596 /* CompleteDetails.swift in Sources */,
				BD9CDCBD2348E5BB00F42596 /* ContactHeaderCell.swift in Sources */,
				BD9CDCB42347C9C400F42596 /* URLParameterEncoding.swift in Sources */,
				BD9CDC992347BF7600F42596 /* FontName.swift in Sources */,
				CE00A9BB231FC42000CB6E4D /* ContactTableProtocol.swift in Sources */,
				BD9CDCC12349343200F42596 /* ContactDetailsCell.swift in Sources */,
				CE00A9B4231FB02C00CB6E4D /* Contacts.swift in Sources */,
				CE00A985231FA6FA00CB6E4D /* ContactListVC.swift in Sources */,
				CE154B57232E61E600290ADC /* ContactDetailTableProtocol.swift in Sources */,
				BD9CDCD4234C8BFE00F42596 /* ContactAddEditVM.swift in Sources */,
				CE00A9B6231FB78E00CB6E4D /* ContactsVM.swift in Sources */,
				BDD254EF234E700300112ADE /* MimeType.swift in Sources */,
				CE00A983231FA6FA00CB6E4D /* AppDelegate.swift in Sources */,
				BD9CDCD6234C8DE300F42596 /* ContactAddTableProtocol.swift in Sources */,
				BD9CDCB52347C9C400F42596 /* JSONModelEncoder.swift in Sources */,
				BD9CDCAC2347C99300F42596 /* APIHandler.swift in Sources */,
				CE00A9B9231FC29F00CB6E4D /* ContactTableViewCell.swift in Sources */,
				CE154B5B232E879E00290ADC /* EndPoints.swift in Sources */,
				BDD254F0234E700300112ADE /* MultipartUpload.swift in Sources */,
				BD9CDCB32347C9C400F42596 /* ParameterEncoding.swift in Sources */,
				BD19D932234CAF7B0087BBB1 /* UITextField+Attribute.swift in Sources */,
				BD9CDCA32347C61000F42596 /* UILabel+Attribute.swift in Sources */,
				BD9CDCD0234C7E3800F42596 /* ContactAddEditHeader.swift in Sources */,
				BD9CDCB22347C9C400F42596 /* JSONParameterEncoder.swift in Sources */,
				BD9CDCAA2347C99300F42596 /* Enviornment.swift in Sources */,
				BD9CDCD2234C891500F42596 /* NewContact.swift in Sources */,
				BDD254E7234E157600112ADE /* ContactEditTableProtocol.swift in Sources */,
				BD9CDCC8234BF7C400F42596 /* ContactAddEditVC.swift in Sources */,
				CE154B5F232EAA9300290ADC /* ContactDetailVM.swift in Sources */,
			);
			runOnlyForDeploymentPostprocessing = 0;
		};
		CE00A98F231FA6FC00CB6E4D /* Sources */ = {
			isa = PBXSourcesBuildPhase;
			buildActionMask = 2147483647;
			files = (
				CE00A998231FA6FC00CB6E4D /* ContactsAppTests.swift in Sources */,
				BDD2553E234F851300112ADE /* TestContactsVM.swift in Sources */,
			);
			runOnlyForDeploymentPostprocessing = 0;
		};
		CE00A99A231FA6FC00CB6E4D /* Sources */ = {
			isa = PBXSourcesBuildPhase;
			buildActionMask = 2147483647;
			files = (
				CE00A9A3231FA6FC00CB6E4D /* ContactsAppUITests.swift in Sources */,
			);
			runOnlyForDeploymentPostprocessing = 0;
		};
/* End PBXSourcesBuildPhase section */

/* Begin PBXTargetDependency section */
		CE00A995231FA6FC00CB6E4D /* PBXTargetDependency */ = {
			isa = PBXTargetDependency;
			target = CE00A97E231FA6FA00CB6E4D /* ContactsApp */;
			targetProxy = CE00A994231FA6FC00CB6E4D /* PBXContainerItemProxy */;
		};
		CE00A9A0231FA6FC00CB6E4D /* PBXTargetDependency */ = {
			isa = PBXTargetDependency;
			target = CE00A97E231FA6FA00CB6E4D /* ContactsApp */;
			targetProxy = CE00A99F231FA6FC00CB6E4D /* PBXContainerItemProxy */;
		};
/* End PBXTargetDependency section */

/* Begin PBXVariantGroup section */
		CE00A98B231FA6FB00CB6E4D /* LaunchScreen.storyboard */ = {
			isa = PBXVariantGroup;
			children = (
				CE00A98C231FA6FB00CB6E4D /* Base */,
			);
			name = LaunchScreen.storyboard;
			sourceTree = "<group>";
		};
/* End PBXVariantGroup section */

/* Begin XCBuildConfiguration section */
		CE00A9A5231FA6FC00CB6E4D /* Debug */ = {
			isa = XCBuildConfiguration;
			buildSettings = {
				ALWAYS_SEARCH_USER_PATHS = NO;
				CLANG_ANALYZER_NONNULL = YES;
				CLANG_ANALYZER_NUMBER_OBJECT_CONVERSION = YES_AGGRESSIVE;
				CLANG_CXX_LANGUAGE_STANDARD = "gnu++14";
				CLANG_CXX_LIBRARY = "libc++";
				CLANG_ENABLE_MODULES = YES;
				CLANG_ENABLE_OBJC_ARC = YES;
				CLANG_ENABLE_OBJC_WEAK = YES;
				CLANG_WARN_BLOCK_CAPTURE_AUTORELEASING = YES;
				CLANG_WARN_BOOL_CONVERSION = YES;
				CLANG_WARN_COMMA = YES;
				CLANG_WARN_CONSTANT_CONVERSION = YES;
				CLANG_WARN_DEPRECATED_OBJC_IMPLEMENTATIONS = YES;
				CLANG_WARN_DIRECT_OBJC_ISA_USAGE = YES_ERROR;
				CLANG_WARN_DOCUMENTATION_COMMENTS = YES;
				CLANG_WARN_EMPTY_BODY = YES;
				CLANG_WARN_ENUM_CONVERSION = YES;
				CLANG_WARN_INFINITE_RECURSION = YES;
				CLANG_WARN_INT_CONVERSION = YES;
				CLANG_WARN_NON_LITERAL_NULL_CONVERSION = YES;
				CLANG_WARN_OBJC_IMPLICIT_RETAIN_SELF = YES;
				CLANG_WARN_OBJC_LITERAL_CONVERSION = YES;
				CLANG_WARN_OBJC_ROOT_CLASS = YES_ERROR;
				CLANG_WARN_RANGE_LOOP_ANALYSIS = YES;
				CLANG_WARN_STRICT_PROTOTYPES = YES;
				CLANG_WARN_SUSPICIOUS_MOVE = YES;
				CLANG_WARN_UNGUARDED_AVAILABILITY = YES_AGGRESSIVE;
				CLANG_WARN_UNREACHABLE_CODE = YES;
				CLANG_WARN__DUPLICATE_METHOD_MATCH = YES;
				CODE_SIGN_IDENTITY = "iPhone Developer";
				COPY_PHASE_STRIP = NO;
				DEBUG_INFORMATION_FORMAT = dwarf;
				ENABLE_STRICT_OBJC_MSGSEND = YES;
				ENABLE_TESTABILITY = YES;
				GCC_C_LANGUAGE_STANDARD = gnu11;
				GCC_DYNAMIC_NO_PIC = NO;
				GCC_NO_COMMON_BLOCKS = YES;
				GCC_OPTIMIZATION_LEVEL = 0;
				GCC_PREPROCESSOR_DEFINITIONS = (
					"DEBUG=1",
					"$(inherited)",
				);
				GCC_WARN_64_TO_32_BIT_CONVERSION = YES;
				GCC_WARN_ABOUT_RETURN_TYPE = YES_ERROR;
				GCC_WARN_UNDECLARED_SELECTOR = YES;
				GCC_WARN_UNINITIALIZED_AUTOS = YES_AGGRESSIVE;
				GCC_WARN_UNUSED_FUNCTION = YES;
				GCC_WARN_UNUSED_VARIABLE = YES;
				IPHONEOS_DEPLOYMENT_TARGET = 12.1;
				MTL_ENABLE_DEBUG_INFO = INCLUDE_SOURCE;
				MTL_FAST_MATH = YES;
				ONLY_ACTIVE_ARCH = YES;
				SDKROOT = iphoneos;
				SWIFT_ACTIVE_COMPILATION_CONDITIONS = DEBUG;
				SWIFT_OPTIMIZATION_LEVEL = "-Onone";
			};
			name = Debug;
		};
		CE00A9A6231FA6FC00CB6E4D /* Release */ = {
			isa = XCBuildConfiguration;
			buildSettings = {
				ALWAYS_SEARCH_USER_PATHS = NO;
				CLANG_ANALYZER_NONNULL = YES;
				CLANG_ANALYZER_NUMBER_OBJECT_CONVERSION = YES_AGGRESSIVE;
				CLANG_CXX_LANGUAGE_STANDARD = "gnu++14";
				CLANG_CXX_LIBRARY = "libc++";
				CLANG_ENABLE_MODULES = YES;
				CLANG_ENABLE_OBJC_ARC = YES;
				CLANG_ENABLE_OBJC_WEAK = YES;
				CLANG_WARN_BLOCK_CAPTURE_AUTORELEASING = YES;
				CLANG_WARN_BOOL_CONVERSION = YES;
				CLANG_WARN_COMMA = YES;
				CLANG_WARN_CONSTANT_CONVERSION = YES;
				CLANG_WARN_DEPRECATED_OBJC_IMPLEMENTATIONS = YES;
				CLANG_WARN_DIRECT_OBJC_ISA_USAGE = YES_ERROR;
				CLANG_WARN_DOCUMENTATION_COMMENTS = YES;
				CLANG_WARN_EMPTY_BODY = YES;
				CLANG_WARN_ENUM_CONVERSION = YES;
				CLANG_WARN_INFINITE_RECURSION = YES;
				CLANG_WARN_INT_CONVERSION = YES;
				CLANG_WARN_NON_LITERAL_NULL_CONVERSION = YES;
				CLANG_WARN_OBJC_IMPLICIT_RETAIN_SELF = YES;
				CLANG_WARN_OBJC_LITERAL_CONVERSION = YES;
				CLANG_WARN_OBJC_ROOT_CLASS = YES_ERROR;
				CLANG_WARN_RANGE_LOOP_ANALYSIS = YES;
				CLANG_WARN_STRICT_PROTOTYPES = YES;
				CLANG_WARN_SUSPICIOUS_MOVE = YES;
				CLANG_WARN_UNGUARDED_AVAILABILITY = YES_AGGRESSIVE;
				CLANG_WARN_UNREACHABLE_CODE = YES;
				CLANG_WARN__DUPLICATE_METHOD_MATCH = YES;
				CODE_SIGN_IDENTITY = "iPhone Developer";
				COPY_PHASE_STRIP = NO;
				DEBUG_INFORMATION_FORMAT = "dwarf-with-dsym";
				ENABLE_NS_ASSERTIONS = NO;
				ENABLE_STRICT_OBJC_MSGSEND = YES;
				GCC_C_LANGUAGE_STANDARD = gnu11;
				GCC_NO_COMMON_BLOCKS = YES;
				GCC_WARN_64_TO_32_BIT_CONVERSION = YES;
				GCC_WARN_ABOUT_RETURN_TYPE = YES_ERROR;
				GCC_WARN_UNDECLARED_SELECTOR = YES;
				GCC_WARN_UNINITIALIZED_AUTOS = YES_AGGRESSIVE;
				GCC_WARN_UNUSED_FUNCTION = YES;
				GCC_WARN_UNUSED_VARIABLE = YES;
				IPHONEOS_DEPLOYMENT_TARGET = 12.1;
				MTL_ENABLE_DEBUG_INFO = NO;
				MTL_FAST_MATH = YES;
				SDKROOT = iphoneos;
				SWIFT_COMPILATION_MODE = wholemodule;
				SWIFT_OPTIMIZATION_LEVEL = "-O";
				VALIDATE_PRODUCT = YES;
			};
			name = Release;
		};
		CE00A9A8231FA6FC00CB6E4D /* Debug */ = {
			isa = XCBuildConfiguration;
			buildSettings = {
				ASSETCATALOG_COMPILER_APPICON_NAME = AppIcon;
				ASSETCATALOG_COMPILER_LAUNCHIMAGE_NAME = LaunchImage;
				CODE_SIGN_IDENTITY = "iPhone Developer";
				CODE_SIGN_STYLE = Manual;
				DEVELOPMENT_TEAM = "";
				FRAMEWORK_SEARCH_PATHS = (
					"$(inherited)",
					"$(PROJECT_DIR)/Carthage/Build/iOS",
				);
				INFOPLIST_FILE = "$(SRCROOT)/ContactsApp/Info.plist";
				IPHONEOS_DEPLOYMENT_TARGET = 10.0;
				LD_RUNPATH_SEARCH_PATHS = (
					"$(inherited)",
					"@executable_path/Frameworks",
				);
				PRODUCT_BUNDLE_IDENTIFIER = com.shawacademy.iap;
				PRODUCT_NAME = "$(TARGET_NAME)";
				PROVISIONING_PROFILE_SPECIFIER = "";
				SWIFT_VERSION = 4.2;
				TARGETED_DEVICE_FAMILY = 1;
			};
			name = Debug;
		};
		CE00A9A9231FA6FC00CB6E4D /* Release */ = {
			isa = XCBuildConfiguration;
			buildSettings = {
				ASSETCATALOG_COMPILER_APPICON_NAME = AppIcon;
				ASSETCATALOG_COMPILER_LAUNCHIMAGE_NAME = LaunchImage;
				CODE_SIGN_IDENTITY = "iPhone Developer";
				CODE_SIGN_STYLE = Manual;
				DEVELOPMENT_TEAM = "";
				FRAMEWORK_SEARCH_PATHS = (
					"$(inherited)",
					"$(PROJECT_DIR)/Carthage/Build/iOS",
				);
				INFOPLIST_FILE = "$(SRCROOT)/ContactsApp/Info.plist";
				IPHONEOS_DEPLOYMENT_TARGET = 10.0;
				LD_RUNPATH_SEARCH_PATHS = (
					"$(inherited)",
					"@executable_path/Frameworks",
				);
				PRODUCT_BUNDLE_IDENTIFIER = com.shawacademy.iap;
				PRODUCT_NAME = "$(TARGET_NAME)";
				PROVISIONING_PROFILE_SPECIFIER = "";
				SWIFT_VERSION = 4.2;
				TARGETED_DEVICE_FAMILY = 1;
			};
			name = Release;
		};
		CE00A9AB231FA6FC00CB6E4D /* Debug */ = {
			isa = XCBuildConfiguration;
			buildSettings = {
				ALWAYS_EMBED_SWIFT_STANDARD_LIBRARIES = YES;
				BUNDLE_LOADER = "$(TEST_HOST)";
				CODE_SIGN_STYLE = Automatic;
				DEVELOPMENT_TEAM = Q55R6PD37Q;
				INFOPLIST_FILE = ContactsAppTests/Info.plist;
				LD_RUNPATH_SEARCH_PATHS = (
					"$(inherited)",
					"@executable_path/Frameworks",
					"@loader_path/Frameworks",
				);
				PRODUCT_BUNDLE_IDENTIFIER = com.shawacademy.iap;
				PRODUCT_NAME = "$(TARGET_NAME)";
				SWIFT_VERSION = 4.2;
				TARGETED_DEVICE_FAMILY = "1,2";
				TEST_HOST = "$(BUILT_PRODUCTS_DIR)/ContactsApp.app/ContactsApp";
			};
			name = Debug;
		};
		CE00A9AC231FA6FC00CB6E4D /* Release */ = {
			isa = XCBuildConfiguration;
			buildSettings = {
				ALWAYS_EMBED_SWIFT_STANDARD_LIBRARIES = YES;
				BUNDLE_LOADER = "$(TEST_HOST)";
				CODE_SIGN_STYLE = Automatic;
				DEVELOPMENT_TEAM = Q55R6PD37Q;
				INFOPLIST_FILE = ContactsAppTests/Info.plist;
				LD_RUNPATH_SEARCH_PATHS = (
					"$(inherited)",
					"@executable_path/Frameworks",
					"@loader_path/Frameworks",
				);
				PRODUCT_BUNDLE_IDENTIFIER = com.shawacademy.iap;
				PRODUCT_NAME = "$(TARGET_NAME)";
				SWIFT_VERSION = 4.2;
				TARGETED_DEVICE_FAMILY = "1,2";
				TEST_HOST = "$(BUILT_PRODUCTS_DIR)/ContactsApp.app/ContactsApp";
			};
			name = Release;
		};
		CE00A9AE231FA6FC00CB6E4D /* Debug */ = {
			isa = XCBuildConfiguration;
			buildSettings = {
				ALWAYS_EMBED_SWIFT_STANDARD_LIBRARIES = YES;
				CODE_SIGN_STYLE = Automatic;
				DEVELOPMENT_TEAM = Q55R6PD37Q;
				INFOPLIST_FILE = ContactsAppUITests/Info.plist;
				LD_RUNPATH_SEARCH_PATHS = (
					"$(inherited)",
					"@executable_path/Frameworks",
					"@loader_path/Frameworks",
				);
				PRODUCT_BUNDLE_IDENTIFIER = com.shawacademy.iap;
				PRODUCT_NAME = "$(TARGET_NAME)";
				SWIFT_VERSION = 4.2;
				TARGETED_DEVICE_FAMILY = "1,2";
				TEST_TARGET_NAME = Telstra;
			};
			name = Debug;
		};
		CE00A9AF231FA6FC00CB6E4D /* Release */ = {
			isa = XCBuildConfiguration;
			buildSettings = {
				ALWAYS_EMBED_SWIFT_STANDARD_LIBRARIES = YES;
				CODE_SIGN_STYLE = Automatic;
				DEVELOPMENT_TEAM = Q55R6PD37Q;
				INFOPLIST_FILE = ContactsAppUITests/Info.plist;
				LD_RUNPATH_SEARCH_PATHS = (
					"$(inherited)",
					"@executable_path/Frameworks",
					"@loader_path/Frameworks",
				);
				PRODUCT_BUNDLE_IDENTIFIER = com.shawacademy.iap;
				PRODUCT_NAME = "$(TARGET_NAME)";
				SWIFT_VERSION = 4.2;
				TARGETED_DEVICE_FAMILY = "1,2";
				TEST_TARGET_NAME = Telstra;
			};
			name = Release;
		};
/* End XCBuildConfiguration section */

/* Begin XCConfigurationList section */
		CE00A97A231FA6FA00CB6E4D /* Build configuration list for PBXProject "ContactsApp" */ = {
			isa = XCConfigurationList;
			buildConfigurations = (
				CE00A9A5231FA6FC00CB6E4D /* Debug */,
				CE00A9A6231FA6FC00CB6E4D /* Release */,
			);
			defaultConfigurationIsVisible = 0;
			defaultConfigurationName = Debug;
		};
		CE00A9A7231FA6FC00CB6E4D /* Build configuration list for PBXNativeTarget "ContactsApp" */ = {
			isa = XCConfigurationList;
			buildConfigurations = (
				CE00A9A8231FA6FC00CB6E4D /* Debug */,
				CE00A9A9231FA6FC00CB6E4D /* Release */,
			);
			defaultConfigurationIsVisible = 0;
			defaultConfigurationName = Debug;
		};
		CE00A9AA231FA6FC00CB6E4D /* Build configuration list for PBXNativeTarget "ContactsAppTests" */ = {
			isa = XCConfigurationList;
			buildConfigurations = (
				CE00A9AB231FA6FC00CB6E4D /* Debug */,
				CE00A9AC231FA6FC00CB6E4D /* Release */,
			);
			defaultConfigurationIsVisible = 0;
			defaultConfigurationName = Debug;
		};
		CE00A9AD231FA6FC00CB6E4D /* Build configuration list for PBXNativeTarget "ContactsAppUITests" */ = {
			isa = XCConfigurationList;
			buildConfigurations = (
				CE00A9AE231FA6FC00CB6E4D /* Debug */,
				CE00A9AF231FA6FC00CB6E4D /* Release */,
			);
			defaultConfigurationIsVisible = 0;
			defaultConfigurationName = Debug;
		};
/* End XCConfigurationList section */
	};
	rootObject = CE00A977231FA6FA00CB6E4D /* Project object */;
}
